
Microsoft Visual Studio Solution File, Format Version 12.00
# Visual Studio 15
VisualStudioVersion = 15.0.35714.111
MinimumVisualStudioVersion = 10.0.40219.1
Project("{9A19103F-16F7-4668-BE54-9A1E7A4F7556}") = "EntidadesCs", "EntidadesCs\EntidadesCs.csproj", "{3A3ED0DD-A1E5-41F2-B844-E052A8DC2C2C}"
EndProject
Project("{FAE04EC0-301F-11D3-BF4B-00C04F79EFBC}") = "DemoCs", "DemoCs\DemoCs.csproj", "{FAF976B8-5E91-4C9B-8C2A-7DCA3FB18B07}"
EndProject
Global
	GlobalSection(SolutionConfigurationPlatforms) = preSolution
		Debug|Any CPU = Debug|Any CPU
		Release|Any CPU = Release|Any CPU
	EndGlobalSection
	GlobalSection(ProjectConfigurationPlatforms) = postSolution
		{3A3ED0DD-A1E5-41F2-B844-E052A8DC2C2C}.Debug|Any CPU.ActiveCfg = Debug|Any CPU
		{3A3ED0DD-A1E5-41F2-B844-E052A8DC2C2C}.Debug|Any CPU.Build.0 = Debug|Any CPU
		{3A3ED0DD-A1E5-41F2-B844-E052A8DC2C2C}.Release|Any CPU.ActiveCfg = Release|Any CPU
		{3A3ED0DD-A1E5-41F2-B844-E052A8DC2C2C}.Release|Any CPU.Build.0 = Release|Any CPU
		{FAF976B8-5E91-4C9B-8C2A-7DCA3FB18B07}.Debug|Any CPU.ActiveCfg = Debug|Any CPU
		{FAF976B8-5E91-4C9B-8C2A-7DCA3FB18B07}.Debug|Any CPU.Build.0 = Debug|Any CPU
		{FAF976B8-5E91-4C9B-8C2A-7DCA3FB18B07}.Release|Any CPU.ActiveCfg = Release|Any CPU
		{FAF976B8-5E91-4C9B-8C2A-7DCA3FB18B07}.Release|Any CPU.Build.0 = Release|Any CPU
	EndGlobalSection
	GlobalSection(SolutionProperties) = preSolution
		HideSolutionNode = FALSE
	EndGlobalSection
	GlobalSection(ExtensibilityGlobals) = postSolution
		SolutionGuid = {365F10F9-2A6B-43CA-BA1C-35BF3F57066A}
	EndGlobalSection
EndGlobal
