
Microsoft Visual Studio Solution File, Format Version 12.00
# Visual Studio 15
VisualStudioVersion = 15.0.35714.111
MinimumVisualStudioVersion = 10.0.40219.1
Project("{FAE04EC0-301F-11D3-BF4B-00C04F79EFBC}") = "EntidadesCs", "EntidadesCs\EntidadesCs.csproj", "{CF0925E8-8C2E-4319-8B85-C52CB8BFDFC2}"
EndProject
Project("{FAE04EC0-301F-11D3-BF4B-00C04F79EFBC}") = "DemoCs", "DemoCs\DemoCs.csproj", "{1529EB6B-E2F8-4B28-B145-71C55F4D1010}"
EndProject
Global
	GlobalSection(SolutionConfigurationPlatforms) = preSolution
		Debug|Any CPU = Debug|Any CPU
		Release|Any CPU = Release|Any CPU
	EndGlobalSection
	GlobalSection(ProjectConfigurationPlatforms) = postSolution
		{CF0925E8-8C2E-4319-8B85-C52CB8BFDFC2}.Debug|Any CPU.ActiveCfg = Debug|Any CPU
		{CF0925E8-8C2E-4319-8B85-C52CB8BFDFC2}.Debug|Any CPU.Build.0 = Debug|Any CPU
		{CF0925E8-8C2E-4319-8B85-C52CB8BFDFC2}.Release|Any CPU.ActiveCfg = Release|Any CPU
		{CF0925E8-8C2E-4319-8B85-C52CB8BFDFC2}.Release|Any CPU.Build.0 = Release|Any CPU
		{1529EB6B-E2F8-4B28-B145-71C55F4D1010}.Debug|Any CPU.ActiveCfg = Debug|Any CPU
		{1529EB6B-E2F8-4B28-B145-71C55F4D1010}.Debug|Any CPU.Build.0 = Debug|Any CPU
		{1529EB6B-E2F8-4B28-B145-71C55F4D1010}.Release|Any CPU.ActiveCfg = Release|Any CPU
		{1529EB6B-E2F8-4B28-B145-71C55F4D1010}.Release|Any CPU.Build.0 = Release|Any CPU
	EndGlobalSection
	GlobalSection(SolutionProperties) = preSolution
		HideSolutionNode = FALSE
	EndGlobalSection
	GlobalSection(ExtensibilityGlobals) = postSolution
		SolutionGuid = {0A38B338-79F8-444A-9E07-24FA02B26FCA}
	EndGlobalSection
EndGlobal
