
Microsoft Visual Studio Solution File, Format Version 12.00
# Visual Studio 15
VisualStudioVersion = 15.0.35714.111
MinimumVisualStudioVersion = 10.0.40219.1
Project("{FAE04EC0-301F-11D3-BF4B-00C04F79EFBC}") = "EntidadesCs", "EntidadesCs\EntidadesCs.csproj", "{FA18A6BF-4AD0-434B-84FB-9D9CA62BAADA}"
EndProject
Project("{FAE04EC0-301F-11D3-BF4B-00C04F79EFBC}") = "DemoCs", "DemoCs\DemoCs.csproj", "{78610C49-0BEB-4F54-9DCA-657ABA426F44}"
EndProject
Global
	GlobalSection(SolutionConfigurationPlatforms) = preSolution
		Debug|Any CPU = Debug|Any CPU
		Release|Any CPU = Release|Any CPU
	EndGlobalSection
	GlobalSection(ProjectConfigurationPlatforms) = postSolution
		{FA18A6BF-4AD0-434B-84FB-9D9CA62BAADA}.Debug|Any CPU.ActiveCfg = Debug|Any CPU
		{FA18A6BF-4AD0-434B-84FB-9D9CA62BAADA}.Debug|Any CPU.Build.0 = Debug|Any CPU
		{FA18A6BF-4AD0-434B-84FB-9D9CA62BAADA}.Release|Any CPU.ActiveCfg = Release|Any CPU
		{FA18A6BF-4AD0-434B-84FB-9D9CA62BAADA}.Release|Any CPU.Build.0 = Release|Any CPU
		{78610C49-0BEB-4F54-9DCA-657ABA426F44}.Debug|Any CPU.ActiveCfg = Debug|Any CPU
		{78610C49-0BEB-4F54-9DCA-657ABA426F44}.Debug|Any CPU.Build.0 = Debug|Any CPU
		{78610C49-0BEB-4F54-9DCA-657ABA426F44}.Release|Any CPU.ActiveCfg = Release|Any CPU
		{78610C49-0BEB-4F54-9DCA-657ABA426F44}.Release|Any CPU.Build.0 = Release|Any CPU
	EndGlobalSection
	GlobalSection(SolutionProperties) = preSolution
		HideSolutionNode = FALSE
	EndGlobalSection
	GlobalSection(ExtensibilityGlobals) = postSolution
		SolutionGuid = {36ECB1AD-94A5-47E9-A5F4-CBFB6CC2E617}
	EndGlobalSection
EndGlobal
