
Microsoft Visual Studio Solution File, Format Version 12.00
# Visual Studio 15
VisualStudioVersion = 15.0.35714.111
MinimumVisualStudioVersion = 10.0.40219.1
Project("{FAE04EC0-301F-11D3-BF4B-00C04F79EFBC}") = "EntidadesCs", "EntidadesCs\EntidadesCs.csproj", "{1D844BD6-B287-43CC-89BA-200C8280FCDD}"
EndProject
Project("{FAE04EC0-301F-11D3-BF4B-00C04F79EFBC}") = "DemoCs", "DemoCs\DemoCs.csproj", "{24A27845-C164-4AA0-B71E-6C2D6FB91A97}"
EndProject
Global
	GlobalSection(SolutionConfigurationPlatforms) = preSolution
		Debug|Any CPU = Debug|Any CPU
		Release|Any CPU = Release|Any CPU
	EndGlobalSection
	GlobalSection(ProjectConfigurationPlatforms) = postSolution
		{1D844BD6-B287-43CC-89BA-200C8280FCDD}.Debug|Any CPU.ActiveCfg = Debug|Any CPU
		{1D844BD6-B287-43CC-89BA-200C8280FCDD}.Debug|Any CPU.Build.0 = Debug|Any CPU
		{1D844BD6-B287-43CC-89BA-200C8280FCDD}.Release|Any CPU.ActiveCfg = Release|Any CPU
		{1D844BD6-B287-43CC-89BA-200C8280FCDD}.Release|Any CPU.Build.0 = Release|Any CPU
		{24A27845-C164-4AA0-B71E-6C2D6FB91A97}.Debug|Any CPU.ActiveCfg = Debug|Any CPU
		{24A27845-C164-4AA0-B71E-6C2D6FB91A97}.Debug|Any CPU.Build.0 = Debug|Any CPU
		{24A27845-C164-4AA0-B71E-6C2D6FB91A97}.Release|Any CPU.ActiveCfg = Release|Any CPU
		{24A27845-C164-4AA0-B71E-6C2D6FB91A97}.Release|Any CPU.Build.0 = Release|Any CPU
	EndGlobalSection
	GlobalSection(SolutionProperties) = preSolution
		HideSolutionNode = FALSE
	EndGlobalSection
	GlobalSection(ExtensibilityGlobals) = postSolution
		SolutionGuid = {CF5B5303-6B2D-478A-9691-5A816AF961B4}
	EndGlobalSection
EndGlobal
