
Microsoft Visual Studio Solution File, Format Version 12.00
# Visual Studio 15
VisualStudioVersion = 15.0.35714.111
MinimumVisualStudioVersion = 10.0.40219.1
Project("{FAE04EC0-301F-11D3-BF4B-00C04F79EFBC}") = "EntidadesCs", "EntidadesCs\EntidadesCs.csproj", "{26EAFCDD-10DF-4CC9-B5D8-628533AF7519}"
EndProject
Project("{FAE04EC0-301F-11D3-BF4B-00C04F79EFBC}") = "DemoCs", "DemoCs\DemoCs.csproj", "{A89E3941-80C1-4E98-85F0-6D1458058CAC}"
EndProject
Global
	GlobalSection(SolutionConfigurationPlatforms) = preSolution
		Debug|Any CPU = Debug|Any CPU
		Release|Any CPU = Release|Any CPU
	EndGlobalSection
	GlobalSection(ProjectConfigurationPlatforms) = postSolution
		{26EAFCDD-10DF-4CC9-B5D8-628533AF7519}.Debug|Any CPU.ActiveCfg = Debug|Any CPU
		{26EAFCDD-10DF-4CC9-B5D8-628533AF7519}.Debug|Any CPU.Build.0 = Debug|Any CPU
		{26EAFCDD-10DF-4CC9-B5D8-628533AF7519}.Release|Any CPU.ActiveCfg = Release|Any CPU
		{26EAFCDD-10DF-4CC9-B5D8-628533AF7519}.Release|Any CPU.Build.0 = Release|Any CPU
		{A89E3941-80C1-4E98-85F0-6D1458058CAC}.Debug|Any CPU.ActiveCfg = Debug|Any CPU
		{A89E3941-80C1-4E98-85F0-6D1458058CAC}.Debug|Any CPU.Build.0 = Debug|Any CPU
		{A89E3941-80C1-4E98-85F0-6D1458058CAC}.Release|Any CPU.ActiveCfg = Release|Any CPU
		{A89E3941-80C1-4E98-85F0-6D1458058CAC}.Release|Any CPU.Build.0 = Release|Any CPU
	EndGlobalSection
	GlobalSection(SolutionProperties) = preSolution
		HideSolutionNode = FALSE
	EndGlobalSection
	GlobalSection(ExtensibilityGlobals) = postSolution
		SolutionGuid = {498A7788-A7C0-4292-9458-5C1AF2E42613}
	EndGlobalSection
EndGlobal
