
Microsoft Visual Studio Solution File, Format Version 12.00
# Visual Studio 15
VisualStudioVersion = 15.0.35714.111
MinimumVisualStudioVersion = 10.0.40219.1
Project("{FAE04EC0-301F-11D3-BF4B-00C04F79EFBC}") = "EntidadesCs", "EntidadesCs\EntidadesCs.csproj", "{78831B1C-8634-4B36-B481-8AA45AA22808}"
EndProject
Project("{FAE04EC0-301F-11D3-BF4B-00C04F79EFBC}") = "DemoCs", "DemoCs\DemoCs.csproj", "{EA7A16B1-875D-402E-AE00-79F18C3E7C18}"
EndProject
Global
	GlobalSection(SolutionConfigurationPlatforms) = preSolution
		Debug|Any CPU = Debug|Any CPU
		Release|Any CPU = Release|Any CPU
	EndGlobalSection
	GlobalSection(ProjectConfigurationPlatforms) = postSolution
		{78831B1C-8634-4B36-B481-8AA45AA22808}.Debug|Any CPU.ActiveCfg = Debug|Any CPU
		{78831B1C-8634-4B36-B481-8AA45AA22808}.Debug|Any CPU.Build.0 = Debug|Any CPU
		{78831B1C-8634-4B36-B481-8AA45AA22808}.Release|Any CPU.ActiveCfg = Release|Any CPU
		{78831B1C-8634-4B36-B481-8AA45AA22808}.Release|Any CPU.Build.0 = Release|Any CPU
		{EA7A16B1-875D-402E-AE00-79F18C3E7C18}.Debug|Any CPU.ActiveCfg = Debug|Any CPU
		{EA7A16B1-875D-402E-AE00-79F18C3E7C18}.Debug|Any CPU.Build.0 = Debug|Any CPU
		{EA7A16B1-875D-402E-AE00-79F18C3E7C18}.Release|Any CPU.ActiveCfg = Release|Any CPU
		{EA7A16B1-875D-402E-AE00-79F18C3E7C18}.Release|Any CPU.Build.0 = Release|Any CPU
	EndGlobalSection
	GlobalSection(SolutionProperties) = preSolution
		HideSolutionNode = FALSE
	EndGlobalSection
	GlobalSection(ExtensibilityGlobals) = postSolution
		SolutionGuid = {296B128B-76C1-4999-88E8-692A49317275}
	EndGlobalSection
EndGlobal
